// !$*UTF8*$!
{
	archiveVersion = 1;
	classes = {
	};
	objectVersion = 46;
	objects = {

/* Begin PBXBuildFile section */
		350016DA1E59919A002F48B2 /* UserDetailViewController.swift in Sources */ = {isa = PBXBuildFile; fileRef = 350016D91E59919A002F48B2 /* UserDetailViewController.swift */; };
		3512C5721E56ED2900F454BA /* TimelineCell.swift in Sources */ = {isa = PBXBuildFile; fileRef = 3512C5711E56ED2900F454BA /* TimelineCell.swift */; };
		3512C5741E56EE9900F454BA /* ExploreMapViewController.swift in Sources */ = {isa = PBXBuildFile; fileRef = 3512C5731E56EE9900F454BA /* ExploreMapViewController.swift */; };
		3512C5761E56F11100F454BA /* GatheringCell.swift in Sources */ = {isa = PBXBuildFile; fileRef = 3512C5751E56F11100F454BA /* GatheringCell.swift */; };
		3512C5781E5724B500F454BA /* ColorExtension.swift in Sources */ = {isa = PBXBuildFile; fileRef = 3512C5771E5724B500F454BA /* ColorExtension.swift */; };
		354233341E54366400547209 /* ChatListViewController.swift in Sources */ = {isa = PBXBuildFile; fileRef = 354233331E54366400547209 /* ChatListViewController.swift */; };
		354233361E544F6500547209 /* ProfileCell.swift in Sources */ = {isa = PBXBuildFile; fileRef = 354233351E544F6500547209 /* ProfileCell.swift */; };
		354233381E54884A00547209 /* ProfileViewController.swift in Sources */ = {isa = PBXBuildFile; fileRef = 354233371E54884A00547209 /* ProfileViewController.swift */; };
		357C53981E4ED1D00021B200 /* Bolts.framework in Frameworks */ = {isa = PBXBuildFile; fileRef = 357C53941E4ED1D00021B200 /* Bolts.framework */; };
		357C53991E4ED1D00021B200 /* Bolts.framework in Embed Frameworks */ = {isa = PBXBuildFile; fileRef = 357C53941E4ED1D00021B200 /* Bolts.framework */; settings = {ATTRIBUTES = (CodeSignOnCopy, RemoveHeadersOnCopy, ); }; };
		35A2A8F31E498BBC00036523 /* FindMapViewController.swift in Sources */ = {isa = PBXBuildFile; fileRef = 35A2A8F21E498BBC00036523 /* FindMapViewController.swift */; };
		35A2A8F51E49958900036523 /* MapStyle.json in Resources */ = {isa = PBXBuildFile; fileRef = 35A2A8F41E49958900036523 /* MapStyle.json */; };
		35A2A9221E49C4A000036523 /* Lato-Black.ttf in Resources */ = {isa = PBXBuildFile; fileRef = 35A2A9151E49C4A000036523 /* Lato-Black.ttf */; };
		35A2A9231E49C4A000036523 /* Lato-BlackItalic.ttf in Resources */ = {isa = PBXBuildFile; fileRef = 35A2A9161E49C4A000036523 /* Lato-BlackItalic.ttf */; };
		35A2A9241E49C4A000036523 /* Lato-Bold.ttf in Resources */ = {isa = PBXBuildFile; fileRef = 35A2A9171E49C4A000036523 /* Lato-Bold.ttf */; };
		35A2A9251E49C4A000036523 /* Lato-BoldItalic.ttf in Resources */ = {isa = PBXBuildFile; fileRef = 35A2A9181E49C4A000036523 /* Lato-BoldItalic.ttf */; };
		35A2A9261E49C4A000036523 /* Lato-Hairline.ttf in Resources */ = {isa = PBXBuildFile; fileRef = 35A2A9191E49C4A000036523 /* Lato-Hairline.ttf */; };
		35A2A9271E49C4A000036523 /* Lato-HairlineItalic.ttf in Resources */ = {isa = PBXBuildFile; fileRef = 35A2A91A1E49C4A000036523 /* Lato-HairlineItalic.ttf */; };
		35A2A9281E49C4A000036523 /* Lato-Italic.ttf in Resources */ = {isa = PBXBuildFile; fileRef = 35A2A91B1E49C4A000036523 /* Lato-Italic.ttf */; };
		35A2A9291E49C4A000036523 /* Lato-Light.ttf in Resources */ = {isa = PBXBuildFile; fileRef = 35A2A91C1E49C4A000036523 /* Lato-Light.ttf */; };
		35A2A92A1E49C4A000036523 /* Lato-LightItalic.ttf in Resources */ = {isa = PBXBuildFile; fileRef = 35A2A91D1E49C4A000036523 /* Lato-LightItalic.ttf */; };
		35A2A92B1E49C4A000036523 /* Lato-Regular.ttf in Resources */ = {isa = PBXBuildFile; fileRef = 35A2A91E1E49C4A000036523 /* Lato-Regular.ttf */; };
		35A2A92C1E49C4A000036523 /* Spoqa Han Sans Bold.ttf in Resources */ = {isa = PBXBuildFile; fileRef = 35A2A91F1E49C4A000036523 /* Spoqa Han Sans Bold.ttf */; };
		35A2A92D1E49C4A000036523 /* Spoqa Han Sans Regular.ttf in Resources */ = {isa = PBXBuildFile; fileRef = 35A2A9201E49C4A000036523 /* Spoqa Han Sans Regular.ttf */; };
		35A2A92E1E49C4A000036523 /* Spoqa Han Sans Thin.ttf in Resources */ = {isa = PBXBuildFile; fileRef = 35A2A9211E49C4A000036523 /* Spoqa Han Sans Thin.ttf */; };
		35A5F2C81E583351007E99DE /* GatheringDetailViewController.swift in Sources */ = {isa = PBXBuildFile; fileRef = 35A5F2C71E583351007E99DE /* GatheringDetailViewController.swift */; };
		35E22D901E52FA9F006B5F15 /* Assets.xcassets in Resources */ = {isa = PBXBuildFile; fileRef = 35E22D8F1E52FA9F006B5F15 /* Assets.xcassets */; };
		35E74DB61E4880C20014A1BB /* AppDelegate.swift in Sources */ = {isa = PBXBuildFile; fileRef = 35E74DB51E4880C20014A1BB /* AppDelegate.swift */; };
		35E74DB81E4880C20014A1BB /* ViewController.swift in Sources */ = {isa = PBXBuildFile; fileRef = 35E74DB71E4880C20014A1BB /* ViewController.swift */; };
		35E74DBB1E4880C20014A1BB /* Main.storyboard in Resources */ = {isa = PBXBuildFile; fileRef = 35E74DB91E4880C20014A1BB /* Main.storyboard */; };
		35E74DC01E4880C20014A1BB /* LaunchScreen.storyboard in Resources */ = {isa = PBXBuildFile; fileRef = 35E74DBE1E4880C20014A1BB /* LaunchScreen.storyboard */; };
		35E7C5381E5BF67E00B0CFF9 /* SettingViewController.swift in Sources */ = {isa = PBXBuildFile; fileRef = 35E7C5371E5BF67E00B0CFF9 /* SettingViewController.swift */; };
		C08C603DD897934F1444AC0E /* Pods_Marco.framework in Frameworks */ = {isa = PBXBuildFile; fileRef = 583C831ADB38AF2E9BA24C85 /* Pods_Marco.framework */; };
/* End PBXBuildFile section */

/* Begin PBXCopyFilesBuildPhase section */
		357C53A01E4ED1D00021B200 /* Embed Frameworks */ = {
			isa = PBXCopyFilesBuildPhase;
			buildActionMask = 2147483647;
			dstPath = "";
			dstSubfolderSpec = 10;
			files = (
				357C53991E4ED1D00021B200 /* Bolts.framework in Embed Frameworks */,
			);
			name = "Embed Frameworks";
			runOnlyForDeploymentPostprocessing = 0;
		};
/* End PBXCopyFilesBuildPhase section */

/* Begin PBXFileReference section */
		092849A6197B3BAEE7FDDD74 /* Pods-Marko.release.xcconfig */ = {isa = PBXFileReference; includeInIndex = 1; lastKnownFileType = text.xcconfig; name = "Pods-Marko.release.xcconfig"; path = "Pods/Target Support Files/Pods-Marko/Pods-Marko.release.xcconfig"; sourceTree = "<group>"; };
		1D3C7D5197D5B4A82AD5B8DF /* Pods-Marco.debug.xcconfig */ = {isa = PBXFileReference; includeInIndex = 1; lastKnownFileType = text.xcconfig; name = "Pods-Marco.debug.xcconfig"; path = "Pods/Target Support Files/Pods-Marco/Pods-Marco.debug.xcconfig"; sourceTree = "<group>"; };
		350016D91E59919A002F48B2 /* UserDetailViewController.swift */ = {isa = PBXFileReference; fileEncoding = 4; lastKnownFileType = sourcecode.swift; path = UserDetailViewController.swift; sourceTree = "<group>"; };
		3512C5711E56ED2900F454BA /* TimelineCell.swift */ = {isa = PBXFileReference; fileEncoding = 4; lastKnownFileType = sourcecode.swift; path = TimelineCell.swift; sourceTree = "<group>"; };
		3512C5731E56EE9900F454BA /* ExploreMapViewController.swift */ = {isa = PBXFileReference; fileEncoding = 4; lastKnownFileType = sourcecode.swift; path = ExploreMapViewController.swift; sourceTree = "<group>"; };
		3512C5751E56F11100F454BA /* GatheringCell.swift */ = {isa = PBXFileReference; fileEncoding = 4; lastKnownFileType = sourcecode.swift; path = GatheringCell.swift; sourceTree = "<group>"; };
		3512C5771E5724B500F454BA /* ColorExtension.swift */ = {isa = PBXFileReference; fileEncoding = 4; lastKnownFileType = sourcecode.swift; path = ColorExtension.swift; sourceTree = "<group>"; };
		354233331E54366400547209 /* ChatListViewController.swift */ = {isa = PBXFileReference; fileEncoding = 4; lastKnownFileType = sourcecode.swift; path = ChatListViewController.swift; sourceTree = "<group>"; };
		354233351E544F6500547209 /* ProfileCell.swift */ = {isa = PBXFileReference; fileEncoding = 4; lastKnownFileType = sourcecode.swift; path = ProfileCell.swift; sourceTree = "<group>"; };
		354233371E54884A00547209 /* ProfileViewController.swift */ = {isa = PBXFileReference; fileEncoding = 4; lastKnownFileType = sourcecode.swift; path = ProfileViewController.swift; sourceTree = "<group>"; };
		357C53941E4ED1D00021B200 /* Bolts.framework */ = {isa = PBXFileReference; lastKnownFileType = wrapper.framework; path = Bolts.framework; sourceTree = "<group>"; };
		357C53951E4ED1D00021B200 /* FBSDKCoreKit.framework */ = {isa = PBXFileReference; lastKnownFileType = wrapper.framework; path = FBSDKCoreKit.framework; sourceTree = "<group>"; };
		357C53961E4ED1D00021B200 /* FBSDKLoginKit.framework */ = {isa = PBXFileReference; lastKnownFileType = wrapper.framework; path = FBSDKLoginKit.framework; sourceTree = "<group>"; };
		357C53971E4ED1D00021B200 /* FBSDKShareKit.framework */ = {isa = PBXFileReference; lastKnownFileType = wrapper.framework; path = FBSDKShareKit.framework; sourceTree = "<group>"; };
		35A2A8F21E498BBC00036523 /* FindMapViewController.swift */ = {isa = PBXFileReference; fileEncoding = 4; lastKnownFileType = sourcecode.swift; path = FindMapViewController.swift; sourceTree = "<group>"; };
		35A2A8F41E49958900036523 /* MapStyle.json */ = {isa = PBXFileReference; fileEncoding = 4; lastKnownFileType = text.json; path = MapStyle.json; sourceTree = "<group>"; };
		35A2A9141E49B57D00036523 /* en */ = {isa = PBXFileReference; lastKnownFileType = text.plist.strings; name = en; path = en.lproj/LaunchScreen.strings; sourceTree = "<group>"; };
		35A2A9151E49C4A000036523 /* Lato-Black.ttf */ = {isa = PBXFileReference; lastKnownFileType = file; name = "Lato-Black.ttf"; path = "Assets/Lato-Black.ttf"; sourceTree = "<group>"; };
		35A2A9161E49C4A000036523 /* Lato-BlackItalic.ttf */ = {isa = PBXFileReference; lastKnownFileType = file; name = "Lato-BlackItalic.ttf"; path = "Assets/Lato-BlackItalic.ttf"; sourceTree = "<group>"; };
		35A2A9171E49C4A000036523 /* Lato-Bold.ttf */ = {isa = PBXFileReference; lastKnownFileType = file; name = "Lato-Bold.ttf"; path = "Assets/Lato-Bold.ttf"; sourceTree = "<group>"; };
		35A2A9181E49C4A000036523 /* Lato-BoldItalic.ttf */ = {isa = PBXFileReference; lastKnownFileType = file; name = "Lato-BoldItalic.ttf"; path = "Assets/Lato-BoldItalic.ttf"; sourceTree = "<group>"; };
		35A2A9191E49C4A000036523 /* Lato-Hairline.ttf */ = {isa = PBXFileReference; lastKnownFileType = file; name = "Lato-Hairline.ttf"; path = "Assets/Lato-Hairline.ttf"; sourceTree = "<group>"; };
		35A2A91A1E49C4A000036523 /* Lato-HairlineItalic.ttf */ = {isa = PBXFileReference; lastKnownFileType = file; name = "Lato-HairlineItalic.ttf"; path = "Assets/Lato-HairlineItalic.ttf"; sourceTree = "<group>"; };
		35A2A91B1E49C4A000036523 /* Lato-Italic.ttf */ = {isa = PBXFileReference; lastKnownFileType = file; name = "Lato-Italic.ttf"; path = "Assets/Lato-Italic.ttf"; sourceTree = "<group>"; };
		35A2A91C1E49C4A000036523 /* Lato-Light.ttf */ = {isa = PBXFileReference; lastKnownFileType = file; name = "Lato-Light.ttf"; path = "Assets/Lato-Light.ttf"; sourceTree = "<group>"; };
		35A2A91D1E49C4A000036523 /* Lato-LightItalic.ttf */ = {isa = PBXFileReference; lastKnownFileType = file; name = "Lato-LightItalic.ttf"; path = "Assets/Lato-LightItalic.ttf"; sourceTree = "<group>"; };
		35A2A91E1E49C4A000036523 /* Lato-Regular.ttf */ = {isa = PBXFileReference; lastKnownFileType = file; name = "Lato-Regular.ttf"; path = "Assets/Lato-Regular.ttf"; sourceTree = "<group>"; };
		35A2A91F1E49C4A000036523 /* Spoqa Han Sans Bold.ttf */ = {isa = PBXFileReference; lastKnownFileType = file; name = "Spoqa Han Sans Bold.ttf"; path = "Assets/Spoqa Han Sans Bold.ttf"; sourceTree = "<group>"; };
		35A2A9201E49C4A000036523 /* Spoqa Han Sans Regular.ttf */ = {isa = PBXFileReference; lastKnownFileType = file; name = "Spoqa Han Sans Regular.ttf"; path = "Assets/Spoqa Han Sans Regular.ttf"; sourceTree = "<group>"; };
		35A2A9211E49C4A000036523 /* Spoqa Han Sans Thin.ttf */ = {isa = PBXFileReference; lastKnownFileType = file; name = "Spoqa Han Sans Thin.ttf"; path = "Assets/Spoqa Han Sans Thin.ttf"; sourceTree = "<group>"; };
		35A5F2C71E583351007E99DE /* GatheringDetailViewController.swift */ = {isa = PBXFileReference; fileEncoding = 4; lastKnownFileType = sourcecode.swift; path = GatheringDetailViewController.swift; sourceTree = "<group>"; };
		35E22D8F1E52FA9F006B5F15 /* Assets.xcassets */ = {isa = PBXFileReference; lastKnownFileType = folder.assetcatalog; path = Assets.xcassets; sourceTree = "<group>"; };
		35E74DB21E4880C20014A1BB /* Marco.app */ = {isa = PBXFileReference; explicitFileType = wrapper.application; includeInIndex = 0; path = Marco.app; sourceTree = BUILT_PRODUCTS_DIR; };
		35E74DB51E4880C20014A1BB /* AppDelegate.swift */ = {isa = PBXFileReference; lastKnownFileType = sourcecode.swift; path = AppDelegate.swift; sourceTree = "<group>"; };
		35E74DB71E4880C20014A1BB /* ViewController.swift */ = {isa = PBXFileReference; lastKnownFileType = sourcecode.swift; path = ViewController.swift; sourceTree = "<group>"; };
		35E74DBA1E4880C20014A1BB /* Base */ = {isa = PBXFileReference; lastKnownFileType = file.storyboard; name = Base; path = Base.lproj/Main.storyboard; sourceTree = "<group>"; };
		35E74DBF1E4880C20014A1BB /* Base */ = {isa = PBXFileReference; lastKnownFileType = file.storyboard; name = Base; path = Base.lproj/LaunchScreen.storyboard; sourceTree = "<group>"; };
		35E74DC11E4880C20014A1BB /* Info.plist */ = {isa = PBXFileReference; lastKnownFileType = text.plist.xml; path = Info.plist; sourceTree = "<group>"; };
		35E74DC71E4883140014A1BB /* ko */ = {isa = PBXFileReference; lastKnownFileType = text.plist.strings; name = ko; path = ko.lproj/Main.strings; sourceTree = "<group>"; };
		35E74DC81E4883140014A1BB /* ko */ = {isa = PBXFileReference; lastKnownFileType = text.plist.strings; name = ko; path = ko.lproj/LaunchScreen.strings; sourceTree = "<group>"; };
		35E7C5371E5BF67E00B0CFF9 /* SettingViewController.swift */ = {isa = PBXFileReference; fileEncoding = 4; lastKnownFileType = sourcecode.swift; path = SettingViewController.swift; sourceTree = "<group>"; };
		4206D3B22D16250BEED5F974 /* Pods-Marco.release.xcconfig */ = {isa = PBXFileReference; includeInIndex = 1; lastKnownFileType = text.xcconfig; name = "Pods-Marco.release.xcconfig"; path = "Pods/Target Support Files/Pods-Marco/Pods-Marco.release.xcconfig"; sourceTree = "<group>"; };
		4A0759909D31167C33412348 /* Pods-Marco_beta_v1.0.debug.xcconfig */ = {isa = PBXFileReference; includeInIndex = 1; lastKnownFileType = text.xcconfig; name = "Pods-Marco_beta_v1.0.debug.xcconfig"; path = "Pods/Target Support Files/Pods-Marco_beta_v1.0/Pods-Marco_beta_v1.0.debug.xcconfig"; sourceTree = "<group>"; };
		583C831ADB38AF2E9BA24C85 /* Pods_Marco.framework */ = {isa = PBXFileReference; explicitFileType = wrapper.framework; includeInIndex = 0; path = Pods_Marco.framework; sourceTree = BUILT_PRODUCTS_DIR; };
		86CE22D1688EA0761FA6B171 /* Pods_Marko.framework */ = {isa = PBXFileReference; explicitFileType = wrapper.framework; includeInIndex = 0; path = Pods_Marko.framework; sourceTree = BUILT_PRODUCTS_DIR; };
		CCDB44C0F50DF7258AC0C0CB /* Pods-Marko.debug.xcconfig */ = {isa = PBXFileReference; includeInIndex = 1; lastKnownFileType = text.xcconfig; name = "Pods-Marko.debug.xcconfig"; path = "Pods/Target Support Files/Pods-Marko/Pods-Marko.debug.xcconfig"; sourceTree = "<group>"; };
		F3062667DA701704ED812835 /* Pods-Marco_beta_v1.0.release.xcconfig */ = {isa = PBXFileReference; includeInIndex = 1; lastKnownFileType = text.xcconfig; name = "Pods-Marco_beta_v1.0.release.xcconfig"; path = "Pods/Target Support Files/Pods-Marco_beta_v1.0/Pods-Marco_beta_v1.0.release.xcconfig"; sourceTree = "<group>"; };
		FC707EE6397A6BEB68B90577 /* Pods_Marco_beta_v1_0.framework */ = {isa = PBXFileReference; explicitFileType = wrapper.framework; includeInIndex = 0; path = Pods_Marco_beta_v1_0.framework; sourceTree = BUILT_PRODUCTS_DIR; };
/* End PBXFileReference section */

/* Begin PBXFrameworksBuildPhase section */
		35E74DAF1E4880C20014A1BB /* Frameworks */ = {
			isa = PBXFrameworksBuildPhase;
			buildActionMask = 2147483647;
			files = (
				357C53981E4ED1D00021B200 /* Bolts.framework in Frameworks */,
				C08C603DD897934F1444AC0E /* Pods_Marco.framework in Frameworks */,
			);
			runOnlyForDeploymentPostprocessing = 0;
		};
/* End PBXFrameworksBuildPhase section */

/* Begin PBXGroup section */
		35A2A8F61E49ABAE00036523 /* Fonts */ = {
			isa = PBXGroup;
			children = (
				35A2A9151E49C4A000036523 /* Lato-Black.ttf */,
				35A2A9161E49C4A000036523 /* Lato-BlackItalic.ttf */,
				35A2A9171E49C4A000036523 /* Lato-Bold.ttf */,
				35A2A9181E49C4A000036523 /* Lato-BoldItalic.ttf */,
				35A2A9191E49C4A000036523 /* Lato-Hairline.ttf */,
				35A2A91A1E49C4A000036523 /* Lato-HairlineItalic.ttf */,
				35A2A91B1E49C4A000036523 /* Lato-Italic.ttf */,
				35A2A91C1E49C4A000036523 /* Lato-Light.ttf */,
				35A2A91D1E49C4A000036523 /* Lato-LightItalic.ttf */,
				35A2A91E1E49C4A000036523 /* Lato-Regular.ttf */,
				35A2A91F1E49C4A000036523 /* Spoqa Han Sans Bold.ttf */,
				35A2A9201E49C4A000036523 /* Spoqa Han Sans Regular.ttf */,
				35A2A9211E49C4A000036523 /* Spoqa Han Sans Thin.ttf */,
			);
			name = Fonts;
			sourceTree = "<group>";
		};
		35E74DA91E4880C20014A1BB = {
			isa = PBXGroup;
			children = (
				35E74DB41E4880C20014A1BB /* Source */,
				35A2A8F61E49ABAE00036523 /* Fonts */,
				35E74DB31E4880C20014A1BB /* Products */,
				D2607F2FC779E6448B15F103 /* Pods */,
				47CA3AE73B6E9AC0BBC848C1 /* Frameworks */,
			);
			sourceTree = "<group>";
		};
		35E74DB31E4880C20014A1BB /* Products */ = {
			isa = PBXGroup;
			children = (
				35E74DB21E4880C20014A1BB /* Marco.app */,
			);
			name = Products;
			sourceTree = "<group>";
		};
		35E74DB41E4880C20014A1BB /* Source */ = {
			isa = PBXGroup;
			children = (
				35E22D8F1E52FA9F006B5F15 /* Assets.xcassets */,
				35A2A8F41E49958900036523 /* MapStyle.json */,
				35E74DB51E4880C20014A1BB /* AppDelegate.swift */,
				3512C5771E5724B500F454BA /* ColorExtension.swift */,
				3512C5711E56ED2900F454BA /* TimelineCell.swift */,
				354233351E544F6500547209 /* ProfileCell.swift */,
				35E74DB71E4880C20014A1BB /* ViewController.swift */,
				35A2A8F21E498BBC00036523 /* FindMapViewController.swift */,
				350016D91E59919A002F48B2 /* UserDetailViewController.swift */,
				3512C5731E56EE9900F454BA /* ExploreMapViewController.swift */,
				35A5F2C71E583351007E99DE /* GatheringDetailViewController.swift */,
				354233371E54884A00547209 /* ProfileViewController.swift */,
				3512C5751E56F11100F454BA /* GatheringCell.swift */,
				354233331E54366400547209 /* ChatListViewController.swift */,
				35E7C5371E5BF67E00B0CFF9 /* SettingViewController.swift */,
				35E74DB91E4880C20014A1BB /* Main.storyboard */,
				35E74DBE1E4880C20014A1BB /* LaunchScreen.storyboard */,
				35E74DC11E4880C20014A1BB /* Info.plist */,
			);
			name = Source;
			path = Sources;
			sourceTree = "<group>";
		};
		47CA3AE73B6E9AC0BBC848C1 /* Frameworks */ = {
			isa = PBXGroup;
			children = (
				357C53941E4ED1D00021B200 /* Bolts.framework */,
				357C53951E4ED1D00021B200 /* FBSDKCoreKit.framework */,
				357C53961E4ED1D00021B200 /* FBSDKLoginKit.framework */,
				357C53971E4ED1D00021B200 /* FBSDKShareKit.framework */,
				FC707EE6397A6BEB68B90577 /* Pods_Marco_beta_v1_0.framework */,
				86CE22D1688EA0761FA6B171 /* Pods_Marko.framework */,
				583C831ADB38AF2E9BA24C85 /* Pods_Marco.framework */,
			);
			name = Frameworks;
			sourceTree = "<group>";
		};
		D2607F2FC779E6448B15F103 /* Pods */ = {
			isa = PBXGroup;
			children = (
				4A0759909D31167C33412348 /* Pods-Marco_beta_v1.0.debug.xcconfig */,
				F3062667DA701704ED812835 /* Pods-Marco_beta_v1.0.release.xcconfig */,
				CCDB44C0F50DF7258AC0C0CB /* Pods-Marko.debug.xcconfig */,
				092849A6197B3BAEE7FDDD74 /* Pods-Marko.release.xcconfig */,
				1D3C7D5197D5B4A82AD5B8DF /* Pods-Marco.debug.xcconfig */,
				4206D3B22D16250BEED5F974 /* Pods-Marco.release.xcconfig */,
			);
			name = Pods;
			sourceTree = "<group>";
		};
/* End PBXGroup section */

/* Begin PBXNativeTarget section */
		35E74DB11E4880C20014A1BB /* Marco */ = {
			isa = PBXNativeTarget;
			buildConfigurationList = 35E74DC41E4880C20014A1BB /* Build configuration list for PBXNativeTarget "Marco" */;
			buildPhases = (
				71FE511CA79A862B27A79F5A /* [CP] Check Pods Manifest.lock */,
				35E74DAE1E4880C20014A1BB /* Sources */,
				35E74DAF1E4880C20014A1BB /* Frameworks */,
				35E74DB01E4880C20014A1BB /* Resources */,
				5C30DB39B1D2B4FBA730797A /* [CP] Embed Pods Frameworks */,
				38EF597E130C4E1E7201B26D /* [CP] Copy Pods Resources */,
				357C53A01E4ED1D00021B200 /* Embed Frameworks */,
			);
			buildRules = (
			);
			dependencies = (
			);
			name = Marco;
			productName = Marco_beta_v1.0;
			productReference = 35E74DB21E4880C20014A1BB /* Marco.app */;
			productType = "com.apple.product-type.application";
		};
/* End PBXNativeTarget section */

/* Begin PBXProject section */
		35E74DAA1E4880C20014A1BB /* Project object */ = {
			isa = PBXProject;
			attributes = {
				LastSwiftUpdateCheck = 0820;
				LastUpgradeCheck = 0820;
				ORGANIZATIONNAME = marco;
				TargetAttributes = {
					35E74DB11E4880C20014A1BB = {
						CreatedOnToolsVersion = 8.2.1;
						DevelopmentTeam = 446SPWE29H;
						ProvisioningStyle = Automatic;
					};
				};
			};
			buildConfigurationList = 35E74DAD1E4880C20014A1BB /* Build configuration list for PBXProject "Marco" */;
			compatibilityVersion = "Xcode 3.2";
			developmentRegion = English;
			hasScannedForEncodings = 0;
			knownRegions = (
				en,
				Base,
			);
			mainGroup = 35E74DA91E4880C20014A1BB;
			productRefGroup = 35E74DB31E4880C20014A1BB /* Products */;
			projectDirPath = "";
			projectRoot = "";
			targets = (
				35E74DB11E4880C20014A1BB /* Marco */,
			);
		};
/* End PBXProject section */

/* Begin PBXResourcesBuildPhase section */
		35E74DB01E4880C20014A1BB /* Resources */ = {
			isa = PBXResourcesBuildPhase;
			buildActionMask = 2147483647;
			files = (
				35A2A9241E49C4A000036523 /* Lato-Bold.ttf in Resources */,
				35A2A92E1E49C4A000036523 /* Spoqa Han Sans Thin.ttf in Resources */,
				35A2A8F51E49958900036523 /* MapStyle.json in Resources */,
				35A2A9271E49C4A000036523 /* Lato-HairlineItalic.ttf in Resources */,
				35A2A9291E49C4A000036523 /* Lato-Light.ttf in Resources */,
				35E74DC01E4880C20014A1BB /* LaunchScreen.storyboard in Resources */,
				35E22D901E52FA9F006B5F15 /* Assets.xcassets in Resources */,
				35A2A9281E49C4A000036523 /* Lato-Italic.ttf in Resources */,
				35A2A9251E49C4A000036523 /* Lato-BoldItalic.ttf in Resources */,
				35A2A92C1E49C4A000036523 /* Spoqa Han Sans Bold.ttf in Resources */,
				35A2A92D1E49C4A000036523 /* Spoqa Han Sans Regular.ttf in Resources */,
				35A2A9231E49C4A000036523 /* Lato-BlackItalic.ttf in Resources */,
				35A2A9261E49C4A000036523 /* Lato-Hairline.ttf in Resources */,
				35A2A9221E49C4A000036523 /* Lato-Black.ttf in Resources */,
				35A2A92B1E49C4A000036523 /* Lato-Regular.ttf in Resources */,
				35E74DBB1E4880C20014A1BB /* Main.storyboard in Resources */,
				35A2A92A1E49C4A000036523 /* Lato-LightItalic.ttf in Resources */,
			);
			runOnlyForDeploymentPostprocessing = 0;
		};
/* End PBXResourcesBuildPhase section */

/* Begin PBXShellScriptBuildPhase section */
		38EF597E130C4E1E7201B26D /* [CP] Copy Pods Resources */ = {
			isa = PBXShellScriptBuildPhase;
			buildActionMask = 2147483647;
			files = (
			);
			inputPaths = (
			);
			name = "[CP] Copy Pods Resources";
			outputPaths = (
			);
			runOnlyForDeploymentPostprocessing = 0;
			shellPath = /bin/sh;
			shellScript = "\"${SRCROOT}/Pods/Target Support Files/Pods-Marco/Pods-Marco-resources.sh\"\n";
			showEnvVarsInLog = 0;
		};
		5C30DB39B1D2B4FBA730797A /* [CP] Embed Pods Frameworks */ = {
			isa = PBXShellScriptBuildPhase;
			buildActionMask = 2147483647;
			files = (
			);
			inputPaths = (
			);
			name = "[CP] Embed Pods Frameworks";
			outputPaths = (
			);
			runOnlyForDeploymentPostprocessing = 0;
			shellPath = /bin/sh;
			shellScript = "\"${SRCROOT}/Pods/Target Support Files/Pods-Marco/Pods-Marco-frameworks.sh\"\n";
			showEnvVarsInLog = 0;
		};
		71FE511CA79A862B27A79F5A /* [CP] Check Pods Manifest.lock */ = {
			isa = PBXShellScriptBuildPhase;
			buildActionMask = 2147483647;
			files = (
			);
			inputPaths = (
			);
			name = "[CP] Check Pods Manifest.lock";
			outputPaths = (
			);
			runOnlyForDeploymentPostprocessing = 0;
			shellPath = /bin/sh;
			shellScript = "diff \"${PODS_ROOT}/../Podfile.lock\" \"${PODS_ROOT}/Manifest.lock\" > /dev/null\nif [ $? != 0 ] ; then\n    # print error to STDERR\n    echo \"error: The sandbox is not in sync with the Podfile.lock. Run 'pod install' or update your CocoaPods installation.\" >&2\n    exit 1\nfi\n";
			showEnvVarsInLog = 0;
		};
/* End PBXShellScriptBuildPhase section */

/* Begin PBXSourcesBuildPhase section */
		35E74DAE1E4880C20014A1BB /* Sources */ = {
			isa = PBXSourcesBuildPhase;
			buildActionMask = 2147483647;
			files = (
				35E74DB81E4880C20014A1BB /* ViewController.swift in Sources */,
				35A2A8F31E498BBC00036523 /* FindMapViewController.swift in Sources */,
				350016DA1E59919A002F48B2 /* UserDetailViewController.swift in Sources */,
				354233361E544F6500547209 /* ProfileCell.swift in Sources */,
				35E7C5381E5BF67E00B0CFF9 /* SettingViewController.swift in Sources */,
				3512C5721E56ED2900F454BA /* TimelineCell.swift in Sources */,
				35A5F2C81E583351007E99DE /* GatheringDetailViewController.swift in Sources */,
				354233381E54884A00547209 /* ProfileViewController.swift in Sources */,
				3512C5741E56EE9900F454BA /* ExploreMapViewController.swift in Sources */,
				3512C5761E56F11100F454BA /* GatheringCell.swift in Sources */,
				35E74DB61E4880C20014A1BB /* AppDelegate.swift in Sources */,
				3512C5781E5724B500F454BA /* ColorExtension.swift in Sources */,
				354233341E54366400547209 /* ChatListViewController.swift in Sources */,
			);
			runOnlyForDeploymentPostprocessing = 0;
		};
/* End PBXSourcesBuildPhase section */

/* Begin PBXVariantGroup section */
		35E74DB91E4880C20014A1BB /* Main.storyboard */ = {
			isa = PBXVariantGroup;
			children = (
				35E74DBA1E4880C20014A1BB /* Base */,
				35E74DC71E4883140014A1BB /* ko */,
			);
			name = Main.storyboard;
			sourceTree = "<group>";
		};
		35E74DBE1E4880C20014A1BB /* LaunchScreen.storyboard */ = {
			isa = PBXVariantGroup;
			children = (
				35E74DBF1E4880C20014A1BB /* Base */,
				35E74DC81E4883140014A1BB /* ko */,
				35A2A9141E49B57D00036523 /* en */,
			);
			name = LaunchScreen.storyboard;
			sourceTree = "<group>";
		};
/* End PBXVariantGroup section */

/* Begin XCBuildConfiguration section */
		35E74DC21E4880C20014A1BB /* Debug */ = {
			isa = XCBuildConfiguration;
			buildSettings = {
				ALWAYS_SEARCH_USER_PATHS = NO;
				CLANG_ANALYZER_LOCALIZABILITY_NONLOCALIZED = YES;
				CLANG_ANALYZER_NONNULL = YES;
				CLANG_CXX_LANGUAGE_STANDARD = "gnu++0x";
				CLANG_CXX_LIBRARY = "libc++";
				CLANG_ENABLE_MODULES = YES;
				CLANG_ENABLE_OBJC_ARC = YES;
				CLANG_WARN_BOOL_CONVERSION = YES;
				CLANG_WARN_CONSTANT_CONVERSION = YES;
				CLANG_WARN_DIRECT_OBJC_ISA_USAGE = YES_ERROR;
				CLANG_WARN_DOCUMENTATION_COMMENTS = YES;
				CLANG_WARN_EMPTY_BODY = YES;
				CLANG_WARN_ENUM_CONVERSION = YES;
				CLANG_WARN_INFINITE_RECURSION = YES;
				CLANG_WARN_INT_CONVERSION = YES;
				CLANG_WARN_OBJC_ROOT_CLASS = YES_ERROR;
				CLANG_WARN_SUSPICIOUS_MOVE = YES;
				CLANG_WARN_UNREACHABLE_CODE = YES;
				CLANG_WARN__DUPLICATE_METHOD_MATCH = YES;
				"CODE_SIGN_IDENTITY[sdk=iphoneos*]" = "iPhone Developer";
				COPY_PHASE_STRIP = NO;
				DEBUG_INFORMATION_FORMAT = dwarf;
				ENABLE_STRICT_OBJC_MSGSEND = YES;
				ENABLE_TESTABILITY = YES;
				GCC_C_LANGUAGE_STANDARD = gnu99;
				GCC_DYNAMIC_NO_PIC = NO;
				GCC_NO_COMMON_BLOCKS = YES;
				GCC_OPTIMIZATION_LEVEL = 0;
				GCC_PREPROCESSOR_DEFINITIONS = (
					"DEBUG=1",
					"$(inherited)",
				);
				GCC_WARN_64_TO_32_BIT_CONVERSION = YES;
				GCC_WARN_ABOUT_RETURN_TYPE = YES_ERROR;
				GCC_WARN_UNDECLARED_SELECTOR = YES;
				GCC_WARN_UNINITIALIZED_AUTOS = YES_AGGRESSIVE;
				GCC_WARN_UNUSED_FUNCTION = YES;
				GCC_WARN_UNUSED_VARIABLE = YES;
				IPHONEOS_DEPLOYMENT_TARGET = 10.3;
				MTL_ENABLE_DEBUG_INFO = YES;
				ONLY_ACTIVE_ARCH = YES;
				SDKROOT = iphoneos;
				SWIFT_ACTIVE_COMPILATION_CONDITIONS = DEBUG;
				SWIFT_OPTIMIZATION_LEVEL = "-Onone";
				TARGETED_DEVICE_FAMILY = "1,2";
			};
			name = Debug;
		};
		35E74DC31E4880C20014A1BB /* Release */ = {
			isa = XCBuildConfiguration;
			buildSettings = {
				ALWAYS_SEARCH_USER_PATHS = NO;
				CLANG_ANALYZER_LOCALIZABILITY_NONLOCALIZED = YES;
				CLANG_ANALYZER_NONNULL = YES;
				CLANG_CXX_LANGUAGE_STANDARD = "gnu++0x";
				CLANG_CXX_LIBRARY = "libc++";
				CLANG_ENABLE_MODULES = YES;
				CLANG_ENABLE_OBJC_ARC = YES;
				CLANG_WARN_BOOL_CONVERSION = YES;
				CLANG_WARN_CONSTANT_CONVERSION = YES;
				CLANG_WARN_DIRECT_OBJC_ISA_USAGE = YES_ERROR;
				CLANG_WARN_DOCUMENTATION_COMMENTS = YES;
				CLANG_WARN_EMPTY_BODY = YES;
				CLANG_WARN_ENUM_CONVERSION = YES;
				CLANG_WARN_INFINITE_RECURSION = YES;
				CLANG_WARN_INT_CONVERSION = YES;
				CLANG_WARN_OBJC_ROOT_CLASS = YES_ERROR;
				CLANG_WARN_SUSPICIOUS_MOVE = YES;
				CLANG_WARN_UNREACHABLE_CODE = YES;
				CLANG_WARN__DUPLICATE_METHOD_MATCH = YES;
				"CODE_SIGN_IDENTITY[sdk=iphoneos*]" = "iPhone Developer";
				COPY_PHASE_STRIP = NO;
				DEBUG_INFORMATION_FORMAT = "dwarf-with-dsym";
				ENABLE_NS_ASSERTIONS = NO;
				ENABLE_STRICT_OBJC_MSGSEND = YES;
				GCC_C_LANGUAGE_STANDARD = gnu99;
				GCC_NO_COMMON_BLOCKS = YES;
				GCC_WARN_64_TO_32_BIT_CONVERSION = YES;
				GCC_WARN_ABOUT_RETURN_TYPE = YES_ERROR;
				GCC_WARN_UNDECLARED_SELECTOR = YES;
				GCC_WARN_UNINITIALIZED_AUTOS = YES_AGGRESSIVE;
				GCC_WARN_UNUSED_FUNCTION = YES;
				GCC_WARN_UNUSED_VARIABLE = YES;
				IPHONEOS_DEPLOYMENT_TARGET = 10.3;
				MTL_ENABLE_DEBUG_INFO = NO;
				SDKROOT = iphoneos;
				SWIFT_OPTIMIZATION_LEVEL = "-Owholemodule";
				TARGETED_DEVICE_FAMILY = "1,2";
				VALIDATE_PRODUCT = YES;
			};
			name = Release;
		};
		35E74DC51E4880C20014A1BB /* Debug */ = {
			isa = XCBuildConfiguration;
			baseConfigurationReference = 1D3C7D5197D5B4A82AD5B8DF /* Pods-Marco.debug.xcconfig */;
			buildSettings = {
				ASSETCATALOG_COMPILER_APPICON_NAME = AppIcon;
				DEVELOPMENT_TEAM = 446SPWE29H;
				FRAMEWORK_SEARCH_PATHS = (
					"$(inherited)",
					"$(PROJECT_DIR)",
				);
				INFOPLIST_FILE = "$(SRCROOT)/Sources/Info.plist";
				IPHONEOS_DEPLOYMENT_TARGET = 10.3;
				LD_RUNPATH_SEARCH_PATHS = "$(inherited) @executable_path/Frameworks";
				OTHER_LDFLAGS = (
					"$(inherited)",
					"-ObjC",
					"-l\"c++\"",
					"-l\"z\"",
					"-framework",
					"\"Accelerate\"",
					"-framework",
					"\"CoreData\"",
					"-framework",
					"\"CoreGraphics\"",
					"-framework",
					"\"CoreLocation\"",
					"-framework",
					"\"CoreText\"",
					"-framework",
					"\"GLKit\"",
					"-framework",
					"\"GoogleMaps\"",
					"-framework",
					"\"GoogleMapsBase\"",
					"-framework",
					"\"GoogleMapsCore\"",
					"-framework",
					"\"GooglePlaces\"",
					"-framework",
					"\"ImageIO\"",
					"-framework",
					"\"OpenGLES\"",
					"-framework",
					"\"Pulsator\"",
					"-framework",
					"\"QuartzCore\"",
					"-framework",
					"\"SystemConfiguration\"",
					"-framework",
					"\"Toucan\"",
					"-framework",
					"\"UIKit\"",
				);
				PRODUCT_BUNDLE_IDENTIFIER = "com.marco.Marco-beta-v1-0";
				PRODUCT_NAME = "$(TARGET_NAME)";
				SWIFT_VERSION = 3.0;
				TARGETED_DEVICE_FAMILY = 1;
			};
			name = Debug;
		};
		35E74DC61E4880C20014A1BB /* Release */ = {
			isa = XCBuildConfiguration;
			baseConfigurationReference = 4206D3B22D16250BEED5F974 /* Pods-Marco.release.xcconfig */;
			buildSettings = {
				ASSETCATALOG_COMPILER_APPICON_NAME = AppIcon;
				DEVELOPMENT_TEAM = 446SPWE29H;
				FRAMEWORK_SEARCH_PATHS = (
					"$(inherited)",
					"$(PROJECT_DIR)",
				);
				INFOPLIST_FILE = "$(SRCROOT)/Sources/Info.plist";
				IPHONEOS_DEPLOYMENT_TARGET = 10.3;
				LD_RUNPATH_SEARCH_PATHS = "$(inherited) @executable_path/Frameworks";
				ONLY_ACTIVE_ARCH = YES;
				OTHER_LDFLAGS = (
					"$(inherited)",
					"-ObjC",
					"-l\"c++\"",
					"-l\"z\"",
					"-framework",
					"\"Accelerate\"",
					"-framework",
					"\"CoreData\"",
					"-framework",
					"\"CoreGraphics\"",
					"-framework",
					"\"CoreLocation\"",
					"-framework",
					"\"CoreText\"",
					"-framework",
					"\"GLKit\"",
					"-framework",
					"\"GoogleMaps\"",
					"-framework",
					"\"GoogleMapsBase\"",
					"-framework",
					"\"GoogleMapsCore\"",
					"-framework",
					"\"GooglePlaces\"",
					"-framework",
					"\"ImageIO\"",
					"-framework",
					"\"OpenGLES\"",
					"-framework",
					"\"Pulsator\"",
					"-framework",
					"\"QuartzCore\"",
					"-framework",
					"\"SystemConfiguration\"",
					"-framework",
					"\"Toucan\"",
					"-framework",
					"\"UIKit\"",
				);
				PRODUCT_BUNDLE_IDENTIFIER = "com.marco.Marco-beta-v1-0";
				PRODUCT_NAME = "$(TARGET_NAME)";
				SWIFT_VERSION = 3.0;
				TARGETED_DEVICE_FAMILY = 1;
			};
			name = Release;
		};
/* End XCBuildConfiguration section */

/* Begin XCConfigurationList section */
		35E74DAD1E4880C20014A1BB /* Build configuration list for PBXProject "Marco" */ = {
			isa = XCConfigurationList;
			buildConfigurations = (
				35E74DC21E4880C20014A1BB /* Debug */,
				35E74DC31E4880C20014A1BB /* Release */,
			);
			defaultConfigurationIsVisible = 0;
			defaultConfigurationName = Release;
		};
		35E74DC41E4880C20014A1BB /* Build configuration list for PBXNativeTarget "Marco" */ = {
			isa = XCConfigurationList;
			buildConfigurations = (
				35E74DC51E4880C20014A1BB /* Debug */,
				35E74DC61E4880C20014A1BB /* Release */,
			);
			defaultConfigurationIsVisible = 0;
			defaultConfigurationName = Release;
		};
/* End XCConfigurationList section */
	};
	rootObject = 35E74DAA1E4880C20014A1BB /* Project object */;
}
